
Microsoft Visual Studio Solution File, Format Version 12.00
# Visual Studio Version 16
VisualStudioVersion = 16.0.30621.155
MinimumVisualStudioVersion = 10.0.40219.1
Project("{9A19103F-16F7-4668-BE54-9A1E7A4F7556}") = "Api", "Api\Api.csproj", "{08E667B5-B815-4F3B-9F99-594B050E3B84}"
EndProject
Project("{FAE04EC0-301F-11D3-BF4B-00C04F79EFBC}") = "PortVeicTest", "PortVeicTest\PortVeicTest.csproj", "{1E155C3F-55C4-414A-A97D-37777CB2307B}"
EndProject
Global
	GlobalSection(SolutionConfigurationPlatforms) = preSolution
		Debug|Any CPU = Debug|Any CPU
		Release|Any CPU = Release|Any CPU
	EndGlobalSection
	GlobalSection(ProjectConfigurationPlatforms) = postSolution
		{08E667B5-B815-4F3B-9F99-594B050E3B84}.Debug|Any CPU.ActiveCfg = Debug|Any CPU
		{08E667B5-B815-4F3B-9F99-594B050E3B84}.Debug|Any CPU.Build.0 = Debug|Any CPU
		{08E667B5-B815-4F3B-9F99-594B050E3B84}.Release|Any CPU.ActiveCfg = Release|Any CPU
		{08E667B5-B815-4F3B-9F99-594B050E3B84}.Release|Any CPU.Build.0 = Release|Any CPU
		{1E155C3F-55C4-414A-A97D-37777CB2307B}.Debug|Any CPU.ActiveCfg = Debug|Any CPU
		{1E155C3F-55C4-414A-A97D-37777CB2307B}.Debug|Any CPU.Build.0 = Debug|Any CPU
		{1E155C3F-55C4-414A-A97D-37777CB2307B}.Release|Any CPU.ActiveCfg = Release|Any CPU
		{1E155C3F-55C4-414A-A97D-37777CB2307B}.Release|Any CPU.Build.0 = Release|Any CPU
	EndGlobalSection
	GlobalSection(SolutionProperties) = preSolution
		HideSolutionNode = FALSE
	EndGlobalSection
	GlobalSection(ExtensibilityGlobals) = postSolution
		SolutionGuid = {34BCAD8F-C146-4885-A030-5C9EAAFA9123}
	EndGlobalSection
EndGlobal
